
Microsoft Visual Studio Solution File, Format Version 12.00
# Visual Studio 15
VisualStudioVersion = 15.0.28010.2036
MinimumVisualStudioVersion = 10.0.40219.1
Project("{9A19103F-16F7-4668-BE54-9A1E7A4F7556}") = "LoadShedding.Functions", "src\LoadShedding.Functions\LoadShedding.Functions.csproj", "{F7D470C9-9BA6-4597-B1CC-D7D588EFC089}"
EndProject
Global
	GlobalSection(SolutionConfigurationPlatforms) = preSolution
		Debug|Any CPU = Debug|Any CPU
		Release|Any CPU = Release|Any CPU
	EndGlobalSection
	GlobalSection(ProjectConfigurationPlatforms) = postSolution
		{F7D470C9-9BA6-4597-B1CC-D7D588EFC089}.Debug|Any CPU.ActiveCfg = Debug|Any CPU
		{F7D470C9-9BA6-4597-B1CC-D7D588EFC089}.Debug|Any CPU.Build.0 = Debug|Any CPU
		{F7D470C9-9BA6-4597-B1CC-D7D588EFC089}.Release|Any CPU.ActiveCfg = Release|Any CPU
		{F7D470C9-9BA6-4597-B1CC-D7D588EFC089}.Release|Any CPU.Build.0 = Release|Any CPU
	EndGlobalSection
	GlobalSection(SolutionProperties) = preSolution
		HideSolutionNode = FALSE
	EndGlobalSection
	GlobalSection(ExtensibilityGlobals) = postSolution
		SolutionGuid = {7FC7BAEA-78A1-4F20-AD82-43EBF0D76DC8}
	EndGlobalSection
EndGlobal
